
Microsoft Visual Studio Solution File, Format Version 12.00
# Visual Studio Version 17
VisualStudioVersion = 17.10.35027.167
MinimumVisualStudioVersion = 10.0.40219.1
Project("{FAE04EC0-301F-11D3-BF4B-00C04F79EFBC}") = "ShopCredit.Domain", "ShopCredit\ShopCredit.Domain.csproj", "{5807547E-227C-462C-BFA0-5D9E1C6B9C0E}"
EndProject
Project("{FAE04EC0-301F-11D3-BF4B-00C04F79EFBC}") = "ShopCredit.Infrastructure", "Infrastructure\ShopCredit.Persistance\ShopCredit.Infrastructure.csproj", "{5C86B9CD-077B-45DC-8145-1949765A8E7C}"
EndProject
Project("{FAE04EC0-301F-11D3-BF4B-00C04F79EFBC}") = "ShopCredit.WebApi", "Presentation\ShopCredit.WebApi\ShopCredit.WebApi.csproj", "{88A72B98-EB34-47AE-B8D0-C559659481FB}"
EndProject
Global
	GlobalSection(SolutionConfigurationPlatforms) = preSolution
		Debug|Any CPU = Debug|Any CPU
		Release|Any CPU = Release|Any CPU
	EndGlobalSection
	GlobalSection(ProjectConfigurationPlatforms) = postSolution
		{5807547E-227C-462C-BFA0-5D9E1C6B9C0E}.Debug|Any CPU.ActiveCfg = Debug|Any CPU
		{5807547E-227C-462C-BFA0-5D9E1C6B9C0E}.Debug|Any CPU.Build.0 = Debug|Any CPU
		{5807547E-227C-462C-BFA0-5D9E1C6B9C0E}.Release|Any CPU.ActiveCfg = Release|Any CPU
		{5807547E-227C-462C-BFA0-5D9E1C6B9C0E}.Release|Any CPU.Build.0 = Release|Any CPU
		{5C86B9CD-077B-45DC-8145-1949765A8E7C}.Debug|Any CPU.ActiveCfg = Debug|Any CPU
		{5C86B9CD-077B-45DC-8145-1949765A8E7C}.Debug|Any CPU.Build.0 = Debug|Any CPU
		{5C86B9CD-077B-45DC-8145-1949765A8E7C}.Release|Any CPU.ActiveCfg = Release|Any CPU
		{5C86B9CD-077B-45DC-8145-1949765A8E7C}.Release|Any CPU.Build.0 = Release|Any CPU
		{88A72B98-EB34-47AE-B8D0-C559659481FB}.Debug|Any CPU.ActiveCfg = Debug|Any CPU
		{88A72B98-EB34-47AE-B8D0-C559659481FB}.Debug|Any CPU.Build.0 = Debug|Any CPU
		{88A72B98-EB34-47AE-B8D0-C559659481FB}.Release|Any CPU.ActiveCfg = Release|Any CPU
		{88A72B98-EB34-47AE-B8D0-C559659481FB}.Release|Any CPU.Build.0 = Release|Any CPU
	EndGlobalSection
	GlobalSection(SolutionProperties) = preSolution
		HideSolutionNode = FALSE
	EndGlobalSection
	GlobalSection(ExtensibilityGlobals) = postSolution
		SolutionGuid = {E4F3DC36-A862-4CDA-9635-E27A6917F583}
	EndGlobalSection
EndGlobal
